
Microsoft Visual Studio Solution File, Format Version 12.00
# Visual Studio Version 17
VisualStudioVersion = 17.8.34408.163
MinimumVisualStudioVersion = 10.0.40219.1
Project("{FAE04EC0-301F-11D3-BF4B-00C04F79EFBC}") = "BuildingManagement.API", "BuildingManagement.API\BuildingManagement.API.csproj", "{C01C2736-F05D-47CC-8478-4FD8859ADEBB}"
EndProject
Project("{FAE04EC0-301F-11D3-BF4B-00C04F79EFBC}") = "BuildingManagement.Repository", "BuildingManagement.Repository\BuildingManagement.Repository.csproj", "{DED1D669-406D-4CB3-9F6D-6FE699F339AD}"
EndProject
Project("{FAE04EC0-301F-11D3-BF4B-00C04F79EFBC}") = "BuildingManagement.Service", "BuildingManagement.Service\BuildingManagement.Service.csproj", "{9724401D-C755-4BCE-AD42-8F1A6DC31EE5}"
EndProject
Project("{FAE04EC0-301F-11D3-BF4B-00C04F79EFBC}") = "BuildingManagement.Entity", "BuildingManagement.Entity\BuildingManagement.Entity.csproj", "{4176AEA6-4FB2-4F98-8A77-6427B8B424C9}"
EndProject
Project("{FAE04EC0-301F-11D3-BF4B-00C04F79EFBC}") = "BuildingManagement.Model", "BuildingManagement.Model\BuildingManagement.Model.csproj", "{E3A67F01-46D7-4A0D-B0B4-1A5FED6F1DC3}"
EndProject
Global
	GlobalSection(SolutionConfigurationPlatforms) = preSolution
		Debug|Any CPU = Debug|Any CPU
		Release|Any CPU = Release|Any CPU
	EndGlobalSection
	GlobalSection(ProjectConfigurationPlatforms) = postSolution
		{C01C2736-F05D-47CC-8478-4FD8859ADEBB}.Debug|Any CPU.ActiveCfg = Debug|Any CPU
		{C01C2736-F05D-47CC-8478-4FD8859ADEBB}.Debug|Any CPU.Build.0 = Debug|Any CPU
		{C01C2736-F05D-47CC-8478-4FD8859ADEBB}.Release|Any CPU.ActiveCfg = Release|Any CPU
		{C01C2736-F05D-47CC-8478-4FD8859ADEBB}.Release|Any CPU.Build.0 = Release|Any CPU
		{DED1D669-406D-4CB3-9F6D-6FE699F339AD}.Debug|Any CPU.ActiveCfg = Debug|Any CPU
		{DED1D669-406D-4CB3-9F6D-6FE699F339AD}.Debug|Any CPU.Build.0 = Debug|Any CPU
		{DED1D669-406D-4CB3-9F6D-6FE699F339AD}.Release|Any CPU.ActiveCfg = Release|Any CPU
		{DED1D669-406D-4CB3-9F6D-6FE699F339AD}.Release|Any CPU.Build.0 = Release|Any CPU
		{9724401D-C755-4BCE-AD42-8F1A6DC31EE5}.Debug|Any CPU.ActiveCfg = Debug|Any CPU
		{9724401D-C755-4BCE-AD42-8F1A6DC31EE5}.Debug|Any CPU.Build.0 = Debug|Any CPU
		{9724401D-C755-4BCE-AD42-8F1A6DC31EE5}.Release|Any CPU.ActiveCfg = Release|Any CPU
		{9724401D-C755-4BCE-AD42-8F1A6DC31EE5}.Release|Any CPU.Build.0 = Release|Any CPU
		{4176AEA6-4FB2-4F98-8A77-6427B8B424C9}.Debug|Any CPU.ActiveCfg = Debug|Any CPU
		{4176AEA6-4FB2-4F98-8A77-6427B8B424C9}.Debug|Any CPU.Build.0 = Debug|Any CPU
		{4176AEA6-4FB2-4F98-8A77-6427B8B424C9}.Release|Any CPU.ActiveCfg = Release|Any CPU
		{4176AEA6-4FB2-4F98-8A77-6427B8B424C9}.Release|Any CPU.Build.0 = Release|Any CPU
		{E3A67F01-46D7-4A0D-B0B4-1A5FED6F1DC3}.Debug|Any CPU.ActiveCfg = Debug|Any CPU
		{E3A67F01-46D7-4A0D-B0B4-1A5FED6F1DC3}.Debug|Any CPU.Build.0 = Debug|Any CPU
		{E3A67F01-46D7-4A0D-B0B4-1A5FED6F1DC3}.Release|Any CPU.ActiveCfg = Release|Any CPU
		{E3A67F01-46D7-4A0D-B0B4-1A5FED6F1DC3}.Release|Any CPU.Build.0 = Release|Any CPU
	EndGlobalSection
	GlobalSection(SolutionProperties) = preSolution
		HideSolutionNode = FALSE
	EndGlobalSection
	GlobalSection(ExtensibilityGlobals) = postSolution
		SolutionGuid = {DB79D1E6-9821-4223-9F4A-D8318AD82095}
	EndGlobalSection
EndGlobal
